
Microsoft Visual Studio Solution File, Format Version 12.00
# Visual Studio Version 17
VisualStudioVersion = 17.9.34607.119
MinimumVisualStudioVersion = 10.0.40219.1
Project("{2150E333-8FDC-42A3-9474-1A3956D46DE8}") = "Solution Items", "Solution Items", "{AAFF02A2-47DE-4135-972B-3EFDE4F8C347}"
	ProjectSection(SolutionItems) = preProject
		.editorconfig = .editorconfig
		LICENSE.txt = LICENSE.txt
		README.md = README.md
		Restore-From-Server.sql = Restore-From-Server.sql
	EndProjectSection
EndProject
Project("{9A19103F-16F7-4668-BE54-9A1E7A4F7556}") = "SjaInNumbers.Server", "SjaInNumbers\Server\SjaInNumbers.Server.csproj", "{369686CC-0CA4-4A79-AFA1-68438BDB2A4F}"
EndProject
Project("{9A19103F-16F7-4668-BE54-9A1E7A4F7556}") = "SjaInNumbers.Client", "SjaInNumbers\Client\SjaInNumbers.Client.csproj", "{A36EB902-F6E3-48DB-82E2-A049A3E5DF94}"
EndProject
Project("{9A19103F-16F7-4668-BE54-9A1E7A4F7556}") = "SjaInNumbers.Shared", "SjaInNumbers\Shared\SjaInNumbers.Shared.csproj", "{D112935B-B42E-4A1C-BC58-578AA0CDF9CC}"
EndProject
Project("{9A19103F-16F7-4668-BE54-9A1E7A4F7556}") = "VorUploader", "SjaInNumbers\VorUploader\VorUploader.csproj", "{550FCAE5-E50E-4B62-8536-01645D2C0DA4}"
EndProject
Project("{FAE04EC0-301F-11D3-BF4B-00C04F79EFBC}") = "SjaData.Server", "SjaData\SjaData.Server\SjaData.Server.csproj", "{4D81B09D-4E45-4C60-91AA-22C0EBF0CB43}"
EndProject
Project("{54A90642-561A-4BB1-A94E-469ADEE60C69}") = "sjadata.client", "SjaData\sjadata.client\sjadata.client.esproj", "{39BD9895-96D7-4752-B46C-003480ADEBC4}"
EndProject
Global
	GlobalSection(SolutionConfigurationPlatforms) = preSolution
		Debug|Any CPU = Debug|Any CPU
		Release|Any CPU = Release|Any CPU
	EndGlobalSection
	GlobalSection(ProjectConfigurationPlatforms) = postSolution
		{369686CC-0CA4-4A79-AFA1-68438BDB2A4F}.Debug|Any CPU.ActiveCfg = Debug|Any CPU
		{369686CC-0CA4-4A79-AFA1-68438BDB2A4F}.Debug|Any CPU.Build.0 = Debug|Any CPU
		{369686CC-0CA4-4A79-AFA1-68438BDB2A4F}.Release|Any CPU.ActiveCfg = Release|Any CPU
		{369686CC-0CA4-4A79-AFA1-68438BDB2A4F}.Release|Any CPU.Build.0 = Release|Any CPU
		{A36EB902-F6E3-48DB-82E2-A049A3E5DF94}.Debug|Any CPU.ActiveCfg = Debug|Any CPU
		{A36EB902-F6E3-48DB-82E2-A049A3E5DF94}.Debug|Any CPU.Build.0 = Debug|Any CPU
		{A36EB902-F6E3-48DB-82E2-A049A3E5DF94}.Release|Any CPU.ActiveCfg = Release|Any CPU
		{A36EB902-F6E3-48DB-82E2-A049A3E5DF94}.Release|Any CPU.Build.0 = Release|Any CPU
		{D112935B-B42E-4A1C-BC58-578AA0CDF9CC}.Debug|Any CPU.ActiveCfg = Debug|Any CPU
		{D112935B-B42E-4A1C-BC58-578AA0CDF9CC}.Debug|Any CPU.Build.0 = Debug|Any CPU
		{D112935B-B42E-4A1C-BC58-578AA0CDF9CC}.Release|Any CPU.ActiveCfg = Release|Any CPU
		{D112935B-B42E-4A1C-BC58-578AA0CDF9CC}.Release|Any CPU.Build.0 = Release|Any CPU
		{550FCAE5-E50E-4B62-8536-01645D2C0DA4}.Debug|Any CPU.ActiveCfg = Debug|Any CPU
		{550FCAE5-E50E-4B62-8536-01645D2C0DA4}.Debug|Any CPU.Build.0 = Debug|Any CPU
		{550FCAE5-E50E-4B62-8536-01645D2C0DA4}.Release|Any CPU.ActiveCfg = Release|Any CPU
		{550FCAE5-E50E-4B62-8536-01645D2C0DA4}.Release|Any CPU.Build.0 = Release|Any CPU
		{4D81B09D-4E45-4C60-91AA-22C0EBF0CB43}.Debug|Any CPU.ActiveCfg = Debug|Any CPU
		{4D81B09D-4E45-4C60-91AA-22C0EBF0CB43}.Debug|Any CPU.Build.0 = Debug|Any CPU
		{4D81B09D-4E45-4C60-91AA-22C0EBF0CB43}.Release|Any CPU.ActiveCfg = Release|Any CPU
		{4D81B09D-4E45-4C60-91AA-22C0EBF0CB43}.Release|Any CPU.Build.0 = Release|Any CPU
		{39BD9895-96D7-4752-B46C-003480ADEBC4}.Debug|Any CPU.ActiveCfg = Debug|Any CPU
		{39BD9895-96D7-4752-B46C-003480ADEBC4}.Debug|Any CPU.Build.0 = Debug|Any CPU
		{39BD9895-96D7-4752-B46C-003480ADEBC4}.Debug|Any CPU.Deploy.0 = Debug|Any CPU
		{39BD9895-96D7-4752-B46C-003480ADEBC4}.Release|Any CPU.ActiveCfg = Release|Any CPU
		{39BD9895-96D7-4752-B46C-003480ADEBC4}.Release|Any CPU.Build.0 = Release|Any CPU
		{39BD9895-96D7-4752-B46C-003480ADEBC4}.Release|Any CPU.Deploy.0 = Release|Any CPU
	EndGlobalSection
	GlobalSection(SolutionProperties) = preSolution
		HideSolutionNode = FALSE
	EndGlobalSection
	GlobalSection(ExtensibilityGlobals) = postSolution
		SolutionGuid = {2DCE3CC7-CBBD-46AB-8963-E6D4610E9850}
	EndGlobalSection
EndGlobal
