
Microsoft Visual Studio Solution File, Format Version 12.00
# Visual Studio Version 17
VisualStudioVersion = 17.9.34607.119
MinimumVisualStudioVersion = 10.0.40219.1
Project("{9A19103F-16F7-4668-BE54-9A1E7A4F7556}") = "SjaData.Server", "SjaData.Server\SjaData.Server.csproj", "{2F7E86D7-345B-4DF6-9D3B-F747B7A9B25F}"
EndProject
Project("{54A90642-561A-4BB1-A94E-469ADEE60C69}") = "sjadata.client", "sjadata.client\sjadata.client.esproj", "{28DC4A96-8E8C-4B2E-AD22-422B5D83C0EA}"
EndProject
Project("{2150E333-8FDC-42A3-9474-1A3956D46DE8}") = "Solution Items", "Solution Items", "{AAFF02A2-47DE-4135-972B-3EFDE4F8C347}"
	ProjectSection(SolutionItems) = preProject
		.editorconfig = .editorconfig
		LICENSE.txt = LICENSE.txt
		README.md = README.md
	EndProjectSection
EndProject
Project("{9A19103F-16F7-4668-BE54-9A1E7A4F7556}") = "SjaData.Server.Tests", "SjaData.Server.Tests\SjaData.Server.Tests.csproj", "{9EBCB990-48E6-4F0C-9933-7C5065CA7411}"
EndProject
Global
	GlobalSection(SolutionConfigurationPlatforms) = preSolution
		Debug|Any CPU = Debug|Any CPU
		Release|Any CPU = Release|Any CPU
	EndGlobalSection
	GlobalSection(ProjectConfigurationPlatforms) = postSolution
		{2F7E86D7-345B-4DF6-9D3B-F747B7A9B25F}.Debug|Any CPU.ActiveCfg = Debug|Any CPU
		{2F7E86D7-345B-4DF6-9D3B-F747B7A9B25F}.Debug|Any CPU.Build.0 = Debug|Any CPU
		{2F7E86D7-345B-4DF6-9D3B-F747B7A9B25F}.Release|Any CPU.ActiveCfg = Release|Any CPU
		{2F7E86D7-345B-4DF6-9D3B-F747B7A9B25F}.Release|Any CPU.Build.0 = Release|Any CPU
		{28DC4A96-8E8C-4B2E-AD22-422B5D83C0EA}.Debug|Any CPU.ActiveCfg = Debug|Any CPU
		{28DC4A96-8E8C-4B2E-AD22-422B5D83C0EA}.Debug|Any CPU.Build.0 = Debug|Any CPU
		{28DC4A96-8E8C-4B2E-AD22-422B5D83C0EA}.Debug|Any CPU.Deploy.0 = Debug|Any CPU
		{28DC4A96-8E8C-4B2E-AD22-422B5D83C0EA}.Release|Any CPU.ActiveCfg = Release|Any CPU
		{28DC4A96-8E8C-4B2E-AD22-422B5D83C0EA}.Release|Any CPU.Build.0 = Release|Any CPU
		{28DC4A96-8E8C-4B2E-AD22-422B5D83C0EA}.Release|Any CPU.Deploy.0 = Release|Any CPU
		{9EBCB990-48E6-4F0C-9933-7C5065CA7411}.Debug|Any CPU.ActiveCfg = Debug|Any CPU
		{9EBCB990-48E6-4F0C-9933-7C5065CA7411}.Debug|Any CPU.Build.0 = Debug|Any CPU
		{9EBCB990-48E6-4F0C-9933-7C5065CA7411}.Release|Any CPU.ActiveCfg = Release|Any CPU
		{9EBCB990-48E6-4F0C-9933-7C5065CA7411}.Release|Any CPU.Build.0 = Release|Any CPU
	EndGlobalSection
	GlobalSection(SolutionProperties) = preSolution
		HideSolutionNode = FALSE
	EndGlobalSection
	GlobalSection(ExtensibilityGlobals) = postSolution
		SolutionGuid = {2DCE3CC7-CBBD-46AB-8963-E6D4610E9850}
	EndGlobalSection
EndGlobal
